PODS:
  - FW_ExpandableTableView (0.1.0)

DEPENDENCIES:
  - FW_ExpandableTableView (from `../`)

EXTERNAL SOURCES:
  FW_ExpandableTableView:
    :path: "../"

SPEC CHECKSUMS:
  FW_ExpandableTableView: 5345bd428c34f590dbe55b78b8d36935f67c19c8

PODFILE CHECKSUM: 7b13748c31f961fe70f99215d5bc15839d6c48f0

COCOAPODS: 1.5.3
